
Microsoft Visual Studio Solution File, Format Version 12.00
# Visual Studio Version 16
VisualStudioVersion = 16.0.31019.35
MinimumVisualStudioVersion = 10.0.40219.1
Project("{FAE04EC0-301F-11D3-BF4B-00C04F79EFBC}") = "RecipesAPI", "RecipesAPI\RecipesAPI.csproj", "{A6442E32-AF20-4053-807D-E8E3BA816639}"
EndProject
Global
	GlobalSection(SolutionConfigurationPlatforms) = preSolution
		Debug|Any CPU = Debug|Any CPU
		Release|Any CPU = Release|Any CPU
	EndGlobalSection
	GlobalSection(ProjectConfigurationPlatforms) = postSolution
		{A6442E32-AF20-4053-807D-E8E3BA816639}.Debug|Any CPU.ActiveCfg = Debug|Any CPU
		{A6442E32-AF20-4053-807D-E8E3BA816639}.Debug|Any CPU.Build.0 = Debug|Any CPU
		{A6442E32-AF20-4053-807D-E8E3BA816639}.Release|Any CPU.ActiveCfg = Release|Any CPU
		{A6442E32-AF20-4053-807D-E8E3BA816639}.Release|Any CPU.Build.0 = Release|Any CPU
	EndGlobalSection
	GlobalSection(SolutionProperties) = preSolution
		HideSolutionNode = FALSE
	EndGlobalSection
	GlobalSection(ExtensibilityGlobals) = postSolution
		SolutionGuid = {B7367049-8170-4F23-BDC6-3AA34A990E22}
	EndGlobalSection
EndGlobal
